
Microsoft Visual Studio Solution File, Format Version 12.00
# Visual Studio Version 17
VisualStudioVersion = 17.10.34928.147
MinimumVisualStudioVersion = 10.0.40219.1
Project("{9A19103F-16F7-4668-BE54-9A1E7A4F7556}") = "NtierArchitecture.DataAccess", "NtierArchitecture.DataAccess\NtierArchitecture.DataAccess.csproj", "{2DCD22FE-F7E9-4789-8C49-0A7E3D7B495D}"
EndProject
Project("{9A19103F-16F7-4668-BE54-9A1E7A4F7556}") = "NtierArchitecture.Business", "NtierArchitecture.Business\NtierArchitecture.Business.csproj", "{D1224F7C-8FE6-4F8F-B6E0-B9644C59084F}"
EndProject
Project("{9A19103F-16F7-4668-BE54-9A1E7A4F7556}") = "NtierArchitecture.Entities", "NtierArchitecture.Entities\NtierArchitecture.Entities.csproj", "{FDF70180-EE07-40B1-B356-0788364B372E}"
EndProject
Project("{9A19103F-16F7-4668-BE54-9A1E7A4F7556}") = "NtierArchitecture.UI", "NtierArchitecture.UI\NtierArchitecture.UI.csproj", "{FB068622-C2ED-4909-A7A3-BA671F373816}"
EndProject
Global
	GlobalSection(SolutionConfigurationPlatforms) = preSolution
		Debug|Any CPU = Debug|Any CPU
		Release|Any CPU = Release|Any CPU
	EndGlobalSection
	GlobalSection(ProjectConfigurationPlatforms) = postSolution
		{2DCD22FE-F7E9-4789-8C49-0A7E3D7B495D}.Debug|Any CPU.ActiveCfg = Debug|Any CPU
		{2DCD22FE-F7E9-4789-8C49-0A7E3D7B495D}.Debug|Any CPU.Build.0 = Debug|Any CPU
		{2DCD22FE-F7E9-4789-8C49-0A7E3D7B495D}.Release|Any CPU.ActiveCfg = Release|Any CPU
		{2DCD22FE-F7E9-4789-8C49-0A7E3D7B495D}.Release|Any CPU.Build.0 = Release|Any CPU
		{D1224F7C-8FE6-4F8F-B6E0-B9644C59084F}.Debug|Any CPU.ActiveCfg = Debug|Any CPU
		{D1224F7C-8FE6-4F8F-B6E0-B9644C59084F}.Debug|Any CPU.Build.0 = Debug|Any CPU
		{D1224F7C-8FE6-4F8F-B6E0-B9644C59084F}.Release|Any CPU.ActiveCfg = Release|Any CPU
		{D1224F7C-8FE6-4F8F-B6E0-B9644C59084F}.Release|Any CPU.Build.0 = Release|Any CPU
		{FDF70180-EE07-40B1-B356-0788364B372E}.Debug|Any CPU.ActiveCfg = Debug|Any CPU
		{FDF70180-EE07-40B1-B356-0788364B372E}.Debug|Any CPU.Build.0 = Debug|Any CPU
		{FDF70180-EE07-40B1-B356-0788364B372E}.Release|Any CPU.ActiveCfg = Release|Any CPU
		{FDF70180-EE07-40B1-B356-0788364B372E}.Release|Any CPU.Build.0 = Release|Any CPU
		{FB068622-C2ED-4909-A7A3-BA671F373816}.Debug|Any CPU.ActiveCfg = Debug|Any CPU
		{FB068622-C2ED-4909-A7A3-BA671F373816}.Debug|Any CPU.Build.0 = Debug|Any CPU
		{FB068622-C2ED-4909-A7A3-BA671F373816}.Release|Any CPU.ActiveCfg = Release|Any CPU
		{FB068622-C2ED-4909-A7A3-BA671F373816}.Release|Any CPU.Build.0 = Release|Any CPU
	EndGlobalSection
	GlobalSection(SolutionProperties) = preSolution
		HideSolutionNode = FALSE
	EndGlobalSection
	GlobalSection(ExtensibilityGlobals) = postSolution
		SolutionGuid = {1CCFAB29-697D-407B-AB4F-AFB71C0355E3}
	EndGlobalSection
EndGlobal
